{
  "version": 4,
  "terraform_version": "1.12.2",
  "serial": 1,
  "lineage": "d95fdcd9-117a-a36b-5dea-8cc7288818d9",
  "outputs": {},
  "resources": [
    {
      "mode": "managed",
      "type": "local_file",
      "name": "main",
      "provider": "provider[\"registry.terraform.io/hashicorp/local\"]",
      "instances": [
        {
          "schema_version": 0,
          "attributes": {
            "content": "This file is auto-generated by Terraform.",
            "content_base64": null,
            "content_base64sha256": "gLEULFHq6BOGstloVnAmjCzWGNWCZppBsCX8ppkfzww=",
            "content_base64sha512": "1yi0IOFdHj/MWBY0r0wFjF73mrBsVuIergPGYc+p7dOqJSCgr7wIQlIflrI9e/GObGVN4VACiiQ6G0Th//zxfg==",
            "content_md5": "fe5af0baa32a69d3f687147dbddc86fd",
            "content_sha1": "aa03fd563554036fe8ae89d4ad9e0fe645f78f82",
            "content_sha256": "80b1142c51eae81386b2d9685670268c2cd618d582669a41b025fca6991fcf0c",
            "content_sha512": "d728b420e15d1e3fcc581634af4c058c5ef79ab06c56e21eae03c661cfa9edd3aa2520a0afbc0842521f96b23d7bf18e6c654de150028a243a1b44e1fffcf17e",
            "directory_permission": "0777",
            "file_permission": "0777",
            "filename": "auto-generated-file.txt",
            "id": "aa03fd563554036fe8ae89d4ad9e0fe645f78f82",
            "sensitive_content": null,
            "source": null
          },
          "sensitive_attributes": [
            [
              {
                "type": "get_attr",
                "value": "sensitive_content"
              }
            ]
          ],
          "identity_schema_version": 0
        }
      ]
    }
  ],
  "check_results": null
}
