{
  "version": 4,
  "terraform_version": "1.12.2",
  "serial": 33,
  "lineage": "4a106a5b-6470-5c3f-6b11-68e0c0371f2a",
  "outputs": {
    "output": {
      "value": [
        {
          "role": "AmazonEC2FullAccess",
          "username": "raju"
        },
        {
          "role": "AmazonS3ReadOnlyAccess",
          "username": "sham"
        },
        {
          "role": "AmazonS3ReadOnlyAccess",
          "username": "baburao"
        },
        {
          "role": "AmazonEC2FullAccess",
          "username": "baburao"
        }
      ],
      "type": [
        "tuple",
        [
          [
            "object",
            {
              "role": "string",
              "username": "string"
            }
          ],
          [
            "object",
            {
              "role": "string",
              "username": "string"
            }
          ],
          [
            "object",
            {
              "role": "string",
              "username": "string"
            }
          ],
          [
            "object",
            {
              "role": "string",
              "username": "string"
            }
          ]
        ]
      ]
    }
  },
  "resources": [
    {
      "mode": "managed",
      "type": "aws_iam_user",
      "name": "users",
      "provider": "provider[\"registry.terraform.io/hashicorp/aws\"]",
      "instances": [
        {
          "index_key": "baburao",
          "schema_version": 0,
          "attributes": {
            "arn": "arn:aws:iam::314772756285:user/baburao",
            "force_destroy": false,
            "id": "baburao",
            "name": "baburao",
            "path": "/",
            "permissions_boundary": "",
            "tags": null,
            "tags_all": {},
            "unique_id": "AIDAUSSPLC4655FG7X5TU"
          },
          "sensitive_attributes": [],
          "identity_schema_version": 0,
          "private": "bnVsbA=="
        },
        {
          "index_key": "raju",
          "schema_version": 0,
          "attributes": {
            "arn": "arn:aws:iam::314772756285:user/raju",
            "force_destroy": false,
            "id": "raju",
            "name": "raju",
            "path": "/",
            "permissions_boundary": "",
            "tags": null,
            "tags_all": {},
            "unique_id": "AIDAUSSPLC46VB4NET3SG"
          },
          "sensitive_attributes": [],
          "identity_schema_version": 0,
          "private": "bnVsbA=="
        },
        {
          "index_key": "sham",
          "schema_version": 0,
          "attributes": {
            "arn": "arn:aws:iam::314772756285:user/sham",
            "force_destroy": false,
            "id": "sham",
            "name": "sham",
            "path": "/",
            "permissions_boundary": "",
            "tags": null,
            "tags_all": {},
            "unique_id": "AIDAUSSPLC46XVUTMDI26"
          },
          "sensitive_attributes": [],
          "identity_schema_version": 0,
          "private": "bnVsbA=="
        }
      ]
    },
    {
      "mode": "managed",
      "type": "aws_iam_user_login_profile",
      "name": "name",
      "provider": "provider[\"registry.terraform.io/hashicorp/aws\"]",
      "instances": [
        {
          "index_key": "baburao",
          "schema_version": 0,
          "attributes": {
            "encrypted_password": null,
            "id": "baburao",
            "key_fingerprint": null,
            "password": "C[2+A@\u0026aBF8)",
            "password_length": 12,
            "password_reset_required": null,
            "pgp_key": null,
            "user": "baburao"
          },
          "sensitive_attributes": [
            [
              {
                "type": "get_attr",
                "value": "password"
              }
            ]
          ],
          "identity_schema_version": 0,
          "private": "bnVsbA==",
          "dependencies": [
            "aws_iam_user.users"
          ]
        },
        {
          "index_key": "raju",
          "schema_version": 0,
          "attributes": {
            "encrypted_password": null,
            "id": "raju",
            "key_fingerprint": null,
            "password": "_Yu|o]@c74WV",
            "password_length": 12,
            "password_reset_required": null,
            "pgp_key": null,
            "user": "raju"
          },
          "sensitive_attributes": [
            [
              {
                "type": "get_attr",
                "value": "password"
              }
            ]
          ],
          "identity_schema_version": 0,
          "private": "bnVsbA==",
          "dependencies": [
            "aws_iam_user.users"
          ]
        },
        {
          "index_key": "sham",
          "schema_version": 0,
          "attributes": {
            "encrypted_password": null,
            "id": "sham",
            "key_fingerprint": null,
            "password": "^4wpdlN2IQ-8",
            "password_length": 12,
            "password_reset_required": null,
            "pgp_key": null,
            "user": "sham"
          },
          "sensitive_attributes": [
            [
              {
                "type": "get_attr",
                "value": "password"
              }
            ]
          ],
          "identity_schema_version": 0,
          "private": "bnVsbA==",
          "dependencies": [
            "aws_iam_user.users"
          ]
        }
      ]
    },
    {
      "mode": "managed",
      "type": "aws_iam_user_policy_attachment",
      "name": "main",
      "provider": "provider[\"registry.terraform.io/hashicorp/aws\"]",
      "instances": [
        {
          "index_key": "baburao-AmazonEC2FullAccess",
          "schema_version": 0,
          "attributes": {
            "id": "baburao-20250727151001054000000004",
            "policy_arn": "arn:aws:iam::aws:policy/AmazonEC2FullAccess",
            "user": "baburao"
          },
          "sensitive_attributes": [],
          "identity_schema_version": 0,
          "private": "bnVsbA==",
          "dependencies": [
            "aws_iam_user.users"
          ]
        },
        {
          "index_key": "baburao-AmazonS3ReadOnlyAccess",
          "schema_version": 0,
          "attributes": {
            "id": "baburao-20250727151000692200000002",
            "policy_arn": "arn:aws:iam::aws:policy/AmazonS3ReadOnlyAccess",
            "user": "baburao"
          },
          "sensitive_attributes": [],
          "identity_schema_version": 0,
          "private": "bnVsbA==",
          "dependencies": [
            "aws_iam_user.users"
          ]
        },
        {
          "index_key": "raju-AmazonEC2FullAccess",
          "schema_version": 0,
          "attributes": {
            "id": "raju-20250727151000943200000003",
            "policy_arn": "arn:aws:iam::aws:policy/AmazonEC2FullAccess",
            "user": "raju"
          },
          "sensitive_attributes": [],
          "identity_schema_version": 0,
          "private": "bnVsbA==",
          "dependencies": [
            "aws_iam_user.users"
          ]
        },
        {
          "index_key": "sham-AmazonS3ReadOnlyAccess",
          "schema_version": 0,
          "attributes": {
            "id": "sham-20250727151000573600000001",
            "policy_arn": "arn:aws:iam::aws:policy/AmazonS3ReadOnlyAccess",
            "user": "sham"
          },
          "sensitive_attributes": [],
          "identity_schema_version": 0,
          "private": "bnVsbA==",
          "dependencies": [
            "aws_iam_user.users"
          ]
        }
      ]
    }
  ],
  "check_results": null
}
